// !$*UTF8*$!
{
	archiveVersion = 1;
	classes = {
	};
	objectVersion = 56;
	objects = {

/* Begin PBXBuildFile section */
		3A66C1702CFB3D09000EE141 /* PickyApp.swift in Sources */ = {isa = PBXBuildFile; fileRef = 3A66C16F2CFB3D09000EE141 /* PickyApp.swift */; };
		3A66C1722CFB3D09000EE141 /* ContentView.swift in Sources */ = {isa = PBXBuildFile; fileRef = 3A66C1712CFB3D09000EE141 /* ContentView.swift */; };
		3A66C1742CFB3D0B000EE141 /* Assets.xcassets in Resources */ = {isa = PBXBuildFile; fileRef = 3A66C1732CFB3D0B000EE141 /* Assets.xcassets */; };
		3A66C1772CFB3D0B000EE141 /* Preview Assets.xcassets in Resources */ = {isa = PBXBuildFile; fileRef = 3A66C1762CFB3D0B000EE141 /* Preview Assets.xcassets */; };
		3A66C1812CFB3D0B000EE141 /* PickyTests.swift in Sources */ = {isa = PBXBuildFile; fileRef = 3A66C1802CFB3D0B000EE141 /* PickyTests.swift */; };
		3A66C18B2CFB3D0B000EE141 /* PickyUITests.swift in Sources */ = {isa = PBXBuildFile; fileRef = 3A66C18A2CFB3D0B000EE141 /* PickyUITests.swift */; };
		3A66C18D2CFB3D0B000EE141 /* PickyUITestsLaunchTests.swift in Sources */ = {isa = PBXBuildFile; fileRef = 3A66C18C2CFB3D0B000EE141 /* PickyUITestsLaunchTests.swift */; };
/* End PBXBuildFile section */

/* Begin PBXContainerItemProxy section */
		3A66C17D2CFB3D0B000EE141 /* PBXContainerItemProxy */ = {
			isa = PBXContainerItemProxy;
			containerPortal = 3A66C1642CFB3D09000EE141 /* Project object */;
			proxyType = 1;
			remoteGlobalIDString = 3A66C16B2CFB3D09000EE141;
			remoteInfo = Picky;
		};
		3A66C1872CFB3D0B000EE141 /* PBXContainerItemProxy */ = {
			isa = PBXContainerItemProxy;
			containerPortal = 3A66C1642CFB3D09000EE141 /* Project object */;
			proxyType = 1;
			remoteGlobalIDString = 3A66C16B2CFB3D09000EE141;
			remoteInfo = Picky;
		};
/* End PBXContainerItemProxy section */

/* Begin PBXFileReference section */
		3A66C16C2CFB3D09000EE141 /* Picky.app */ = {isa = PBXFileReference; explicitFileType = wrapper.application; includeInIndex = 0; path = Picky.app; sourceTree = BUILT_PRODUCTS_DIR; };
		3A66C16F2CFB3D09000EE141 /* PickyApp.swift */ = {isa = PBXFileReference; lastKnownFileType = sourcecode.swift; path = PickyApp.swift; sourceTree = "<group>"; };
		3A66C1712CFB3D09000EE141 /* ContentView.swift */ = {isa = PBXFileReference; lastKnownFileType = sourcecode.swift; path = ContentView.swift; sourceTree = "<group>"; };
		3A66C1732CFB3D0B000EE141 /* Assets.xcassets */ = {isa = PBXFileReference; lastKnownFileType = folder.assetcatalog; path = Assets.xcassets; sourceTree = "<group>"; };
		3A66C1762CFB3D0B000EE141 /* Preview Assets.xcassets */ = {isa = PBXFileReference; lastKnownFileType = folder.assetcatalog; path = "Preview Assets.xcassets"; sourceTree = "<group>"; };
		3A66C17C2CFB3D0B000EE141 /* PickyTests.xctest */ = {isa = PBXFileReference; explicitFileType = wrapper.cfbundle; includeInIndex = 0; path = PickyTests.xctest; sourceTree = BUILT_PRODUCTS_DIR; };
		3A66C1802CFB3D0B000EE141 /* PickyTests.swift */ = {isa = PBXFileReference; lastKnownFileType = sourcecode.swift; path = PickyTests.swift; sourceTree = "<group>"; };
		3A66C1862CFB3D0B000EE141 /* PickyUITests.xctest */ = {isa = PBXFileReference; explicitFileType = wrapper.cfbundle; includeInIndex = 0; path = PickyUITests.xctest; sourceTree = BUILT_PRODUCTS_DIR; };
		3A66C18A2CFB3D0B000EE141 /* PickyUITests.swift */ = {isa = PBXFileReference; lastKnownFileType = sourcecode.swift; path = PickyUITests.swift; sourceTree = "<group>"; };
		3A66C18C2CFB3D0B000EE141 /* PickyUITestsLaunchTests.swift */ = {isa = PBXFileReference; lastKnownFileType = sourcecode.swift; path = PickyUITestsLaunchTests.swift; sourceTree = "<group>"; };
/* End PBXFileReference section */

/* Begin PBXFrameworksBuildPhase section */
		3A66C1692CFB3D09000EE141 /* Frameworks */ = {
			isa = PBXFrameworksBuildPhase;
			buildActionMask = 2147483647;
			files = (
			);
			runOnlyForDeploymentPostprocessing = 0;
		};
		3A66C1792CFB3D0B000EE141 /* Frameworks */ = {
			isa = PBXFrameworksBuildPhase;
			buildActionMask = 2147483647;
			files = (
			);
			runOnlyForDeploymentPostprocessing = 0;
		};
		3A66C1832CFB3D0B000EE141 /* Frameworks */ = {
			isa = PBXFrameworksBuildPhase;
			buildActionMask = 2147483647;
			files = (
			);
			runOnlyForDeploymentPostprocessing = 0;
		};
/* End PBXFrameworksBuildPhase section */

/* Begin PBXGroup section */
		3A66C1632CFB3D09000EE141 = {
			isa = PBXGroup;
			children = (
				3A66C16E2CFB3D09000EE141 /* Picky */,
				3A66C17F2CFB3D0B000EE141 /* PickyTests */,
				3A66C1892CFB3D0B000EE141 /* PickyUITests */,
				3A66C16D2CFB3D09000EE141 /* Products */,
			);
			sourceTree = "<group>";
		};
		3A66C16D2CFB3D09000EE141 /* Products */ = {
			isa = PBXGroup;
			children = (
				3A66C16C2CFB3D09000EE141 /* Picky.app */,
				3A66C17C2CFB3D0B000EE141 /* PickyTests.xctest */,
				3A66C1862CFB3D0B000EE141 /* PickyUITests.xctest */,
			);
			name = Products;
			sourceTree = "<group>";
		};
		3A66C16E2CFB3D09000EE141 /* Picky */ = {
			isa = PBXGroup;
			children = (
				3A66C16F2CFB3D09000EE141 /* PickyApp.swift */,
				3A66C1712CFB3D09000EE141 /* ContentView.swift */,
				3A66C1732CFB3D0B000EE141 /* Assets.xcassets */,
				3A66C1752CFB3D0B000EE141 /* Preview Content */,
			);
			path = Picky;
			sourceTree = "<group>";
		};
		3A66C1752CFB3D0B000EE141 /* Preview Content */ = {
			isa = PBXGroup;
			children = (
				3A66C1762CFB3D0B000EE141 /* Preview Assets.xcassets */,
			);
			path = "Preview Content";
			sourceTree = "<group>";
		};
		3A66C17F2CFB3D0B000EE141 /* PickyTests */ = {
			isa = PBXGroup;
			children = (
				3A66C1802CFB3D0B000EE141 /* PickyTests.swift */,
			);
			path = PickyTests;
			sourceTree = "<group>";
		};
		3A66C1892CFB3D0B000EE141 /* PickyUITests */ = {
			isa = PBXGroup;
			children = (
				3A66C18A2CFB3D0B000EE141 /* PickyUITests.swift */,
				3A66C18C2CFB3D0B000EE141 /* PickyUITestsLaunchTests.swift */,
			);
			path = PickyUITests;
			sourceTree = "<group>";
		};
/* End PBXGroup section */

/* Begin PBXNativeTarget section */
		3A66C16B2CFB3D09000EE141 /* Picky */ = {
			isa = PBXNativeTarget;
			buildConfigurationList = 3A66C1902CFB3D0B000EE141 /* Build configuration list for PBXNativeTarget "Picky" */;
			buildPhases = (
				3A66C1682CFB3D09000EE141 /* Sources */,
				3A66C1692CFB3D09000EE141 /* Frameworks */,
				3A66C16A2CFB3D09000EE141 /* Resources */,
			);
			buildRules = (
			);
			dependencies = (
			);
			name = Picky;
			productName = Picky;
			productReference = 3A66C16C2CFB3D09000EE141 /* Picky.app */;
			productType = "com.apple.product-type.application";
		};
		3A66C17B2CFB3D0B000EE141 /* PickyTests */ = {
			isa = PBXNativeTarget;
			buildConfigurationList = 3A66C1932CFB3D0B000EE141 /* Build configuration list for PBXNativeTarget "PickyTests" */;
			buildPhases = (
				3A66C1782CFB3D0B000EE141 /* Sources */,
				3A66C1792CFB3D0B000EE141 /* Frameworks */,
				3A66C17A2CFB3D0B000EE141 /* Resources */,
			);
			buildRules = (
			);
			dependencies = (
				3A66C17E2CFB3D0B000EE141 /* PBXTargetDependency */,
			);
			name = PickyTests;
			productName = PickyTests;
			productReference = 3A66C17C2CFB3D0B000EE141 /* PickyTests.xctest */;
			productType = "com.apple.product-type.bundle.unit-test";
		};
		3A66C1852CFB3D0B000EE141 /* PickyUITests */ = {
			isa = PBXNativeTarget;
			buildConfigurationList = 3A66C1962CFB3D0B000EE141 /* Build configuration list for PBXNativeTarget "PickyUITests" */;
			buildPhases = (
				3A66C1822CFB3D0B000EE141 /* Sources */,
				3A66C1832CFB3D0B000EE141 /* Frameworks */,
				3A66C1842CFB3D0B000EE141 /* Resources */,
			);
			buildRules = (
			);
			dependencies = (
				3A66C1882CFB3D0B000EE141 /* PBXTargetDependency */,
			);
			name = PickyUITests;
			productName = PickyUITests;
			productReference = 3A66C1862CFB3D0B000EE141 /* PickyUITests.xctest */;
			productType = "com.apple.product-type.bundle.ui-testing";
		};
/* End PBXNativeTarget section */

/* Begin PBXProject section */
		3A66C1642CFB3D09000EE141 /* Project object */ = {
			isa = PBXProject;
			attributes = {
				BuildIndependentTargetsInParallel = 1;
				LastSwiftUpdateCheck = 1540;
				LastUpgradeCheck = 1540;
				TargetAttributes = {
					3A66C16B2CFB3D09000EE141 = {
						CreatedOnToolsVersion = 15.4;
					};
					3A66C17B2CFB3D0B000EE141 = {
						CreatedOnToolsVersion = 15.4;
						TestTargetID = 3A66C16B2CFB3D09000EE141;
					};
					3A66C1852CFB3D0B000EE141 = {
						CreatedOnToolsVersion = 15.4;
						TestTargetID = 3A66C16B2CFB3D09000EE141;
					};
				};
			};
			buildConfigurationList = 3A66C1672CFB3D09000EE141 /* Build configuration list for PBXProject "Picky" */;
			compatibilityVersion = "Xcode 14.0";
			developmentRegion = en;
			hasScannedForEncodings = 0;
			knownRegions = (
				en,
				Base,
			);
			mainGroup = 3A66C1632CFB3D09000EE141;
			productRefGroup = 3A66C16D2CFB3D09000EE141 /* Products */;
			projectDirPath = "";
			projectRoot = "";
			targets = (
				3A66C16B2CFB3D09000EE141 /* Picky */,
				3A66C17B2CFB3D0B000EE141 /* PickyTests */,
				3A66C1852CFB3D0B000EE141 /* PickyUITests */,
			);
		};
/* End PBXProject section */

/* Begin PBXResourcesBuildPhase section */
		3A66C16A2CFB3D09000EE141 /* Resources */ = {
			isa = PBXResourcesBuildPhase;
			buildActionMask = 2147483647;
			files = (
				3A66C1772CFB3D0B000EE141 /* Preview Assets.xcassets in Resources */,
				3A66C1742CFB3D0B000EE141 /* Assets.xcassets in Resources */,
			);
			runOnlyForDeploymentPostprocessing = 0;
		};
		3A66C17A2CFB3D0B000EE141 /* Resources */ = {
			isa = PBXResourcesBuildPhase;
			buildActionMask = 2147483647;
			files = (
			);
			runOnlyForDeploymentPostprocessing = 0;
		};
		3A66C1842CFB3D0B000EE141 /* Resources */ = {
			isa = PBXResourcesBuildPhase;
			buildActionMask = 2147483647;
			files = (
			);
			runOnlyForDeploymentPostprocessing = 0;
		};
/* End PBXResourcesBuildPhase section */

/* Begin PBXSourcesBuildPhase section */
		3A66C1682CFB3D09000EE141 /* Sources */ = {
			isa = PBXSourcesBuildPhase;
			buildActionMask = 2147483647;
			files = (
				3A66C1722CFB3D09000EE141 /* ContentView.swift in Sources */,
				3A66C1702CFB3D09000EE141 /* PickyApp.swift in Sources */,
			);
			runOnlyForDeploymentPostprocessing = 0;
		};
		3A66C1782CFB3D0B000EE141 /* Sources */ = {
			isa = PBXSourcesBuildPhase;
			buildActionMask = 2147483647;
			files = (
				3A66C1812CFB3D0B000EE141 /* PickyTests.swift in Sources */,
			);
			runOnlyForDeploymentPostprocessing = 0;
		};
		3A66C1822CFB3D0B000EE141 /* Sources */ = {
			isa = PBXSourcesBuildPhase;
			buildActionMask = 2147483647;
			files = (
				3A66C18B2CFB3D0B000EE141 /* PickyUITests.swift in Sources */,
				3A66C18D2CFB3D0B000EE141 /* PickyUITestsLaunchTests.swift in Sources */,
			);
			runOnlyForDeploymentPostprocessing = 0;
		};
/* End PBXSourcesBuildPhase section */

/* Begin PBXTargetDependency section */
		3A66C17E2CFB3D0B000EE141 /* PBXTargetDependency */ = {
			isa = PBXTargetDependency;
			target = 3A66C16B2CFB3D09000EE141 /* Picky */;
			targetProxy = 3A66C17D2CFB3D0B000EE141 /* PBXContainerItemProxy */;
		};
		3A66C1882CFB3D0B000EE141 /* PBXTargetDependency */ = {
			isa = PBXTargetDependency;
			target = 3A66C16B2CFB3D09000EE141 /* Picky */;
			targetProxy = 3A66C1872CFB3D0B000EE141 /* PBXContainerItemProxy */;
		};
/* End PBXTargetDependency section */

/* Begin XCBuildConfiguration section */
		3A66C18E2CFB3D0B000EE141 /* Debug */ = {
			isa = XCBuildConfiguration;
			buildSettings = {
				ALWAYS_SEARCH_USER_PATHS = NO;
				ASSETCATALOG_COMPILER_GENERATE_SWIFT_ASSET_SYMBOL_EXTENSIONS = YES;
				CLANG_ANALYZER_NONNULL = YES;
				CLANG_ANALYZER_NUMBER_OBJECT_CONVERSION = YES_AGGRESSIVE;
				CLANG_CXX_LANGUAGE_STANDARD = "gnu++20";
				CLANG_ENABLE_MODULES = YES;
				CLANG_ENABLE_OBJC_ARC = YES;
				CLANG_ENABLE_OBJC_WEAK = YES;
				CLANG_WARN_BLOCK_CAPTURE_AUTORELEASING = YES;
				CLANG_WARN_BOOL_CONVERSION = YES;
				CLANG_WARN_COMMA = YES;
				CLANG_WARN_CONSTANT_CONVERSION = YES;
				CLANG_WARN_DEPRECATED_OBJC_IMPLEMENTATIONS = YES;
				CLANG_WARN_DIRECT_OBJC_ISA_USAGE = YES_ERROR;
				CLANG_WARN_DOCUMENTATION_COMMENTS = YES;
				CLANG_WARN_EMPTY_BODY = YES;
				CLANG_WARN_ENUM_CONVERSION = YES;
				CLANG_WARN_INFINITE_RECURSION = YES;
				CLANG_WARN_INT_CONVERSION = YES;
				CLANG_WARN_NON_LITERAL_NULL_CONVERSION = YES;
				CLANG_WARN_OBJC_IMPLICIT_RETAIN_SELF = YES;
				CLANG_WARN_OBJC_LITERAL_CONVERSION = YES;
				CLANG_WARN_OBJC_ROOT_CLASS = YES_ERROR;
				CLANG_WARN_QUOTED_INCLUDE_IN_FRAMEWORK_HEADER = YES;
				CLANG_WARN_RANGE_LOOP_ANALYSIS = YES;
				CLANG_WARN_STRICT_PROTOTYPES = YES;
				CLANG_WARN_SUSPICIOUS_MOVE = YES;
				CLANG_WARN_UNGUARDED_AVAILABILITY = YES_AGGRESSIVE;
				CLANG_WARN_UNREACHABLE_CODE = YES;
				CLANG_WARN__DUPLICATE_METHOD_MATCH = YES;
				COPY_PHASE_STRIP = NO;
				DEBUG_INFORMATION_FORMAT = dwarf;
				ENABLE_STRICT_OBJC_MSGSEND = YES;
				ENABLE_TESTABILITY = YES;
				ENABLE_USER_SCRIPT_SANDBOXING = YES;
				GCC_C_LANGUAGE_STANDARD = gnu17;
				GCC_DYNAMIC_NO_PIC = NO;
				GCC_NO_COMMON_BLOCKS = YES;
				GCC_OPTIMIZATION_LEVEL = 0;
				GCC_PREPROCESSOR_DEFINITIONS = (
					"DEBUG=1",
					"$(inherited)",
				);
				GCC_WARN_64_TO_32_BIT_CONVERSION = YES;
				GCC_WARN_ABOUT_RETURN_TYPE = YES_ERROR;
				GCC_WARN_UNDECLARED_SELECTOR = YES;
				GCC_WARN_UNINITIALIZED_AUTOS = YES_AGGRESSIVE;
				GCC_WARN_UNUSED_FUNCTION = YES;
				GCC_WARN_UNUSED_VARIABLE = YES;
				IPHONEOS_DEPLOYMENT_TARGET = 17.5;
				LOCALIZATION_PREFERS_STRING_CATALOGS = YES;
				MTL_ENABLE_DEBUG_INFO = INCLUDE_SOURCE;
				MTL_FAST_MATH = YES;
				ONLY_ACTIVE_ARCH = YES;
				SDKROOT = iphoneos;
				SWIFT_ACTIVE_COMPILATION_CONDITIONS = "DEBUG $(inherited)";
				SWIFT_OPTIMIZATION_LEVEL = "-Onone";
			};
			name = Debug;
		};
		3A66C18F2CFB3D0B000EE141 /* Release */ = {
			isa = XCBuildConfiguration;
			buildSettings = {
				ALWAYS_SEARCH_USER_PATHS = NO;
				ASSETCATALOG_COMPILER_GENERATE_SWIFT_ASSET_SYMBOL_EXTENSIONS = YES;
				CLANG_ANALYZER_NONNULL = YES;
				CLANG_ANALYZER_NUMBER_OBJECT_CONVERSION = YES_AGGRESSIVE;
				CLANG_CXX_LANGUAGE_STANDARD = "gnu++20";
				CLANG_ENABLE_MODULES = YES;
				CLANG_ENABLE_OBJC_ARC = YES;
				CLANG_ENABLE_OBJC_WEAK = YES;
				CLANG_WARN_BLOCK_CAPTURE_AUTORELEASING = YES;
				CLANG_WARN_BOOL_CONVERSION = YES;
				CLANG_WARN_COMMA = YES;
				CLANG_WARN_CONSTANT_CONVERSION = YES;
				CLANG_WARN_DEPRECATED_OBJC_IMPLEMENTATIONS = YES;
				CLANG_WARN_DIRECT_OBJC_ISA_USAGE = YES_ERROR;
				CLANG_WARN_DOCUMENTATION_COMMENTS = YES;
				CLANG_WARN_EMPTY_BODY = YES;
				CLANG_WARN_ENUM_CONVERSION = YES;
				CLANG_WARN_INFINITE_RECURSION = YES;
				CLANG_WARN_INT_CONVERSION = YES;
				CLANG_WARN_NON_LITERAL_NULL_CONVERSION = YES;
				CLANG_WARN_OBJC_IMPLICIT_RETAIN_SELF = YES;
				CLANG_WARN_OBJC_LITERAL_CONVERSION = YES;
				CLANG_WARN_OBJC_ROOT_CLASS = YES_ERROR;
				CLANG_WARN_QUOTED_INCLUDE_IN_FRAMEWORK_HEADER = YES;
				CLANG_WARN_RANGE_LOOP_ANALYSIS = YES;
				CLANG_WARN_STRICT_PROTOTYPES = YES;
				CLANG_WARN_SUSPICIOUS_MOVE = YES;
				CLANG_WARN_UNGUARDED_AVAILABILITY = YES_AGGRESSIVE;
				CLANG_WARN_UNREACHABLE_CODE = YES;
				CLANG_WARN__DUPLICATE_METHOD_MATCH = YES;
				COPY_PHASE_STRIP = NO;
				DEBUG_INFORMATION_FORMAT = "dwarf-with-dsym";
				ENABLE_NS_ASSERTIONS = NO;
				ENABLE_STRICT_OBJC_MSGSEND = YES;
				ENABLE_USER_SCRIPT_SANDBOXING = YES;
				GCC_C_LANGUAGE_STANDARD = gnu17;
				GCC_NO_COMMON_BLOCKS = YES;
				GCC_WARN_64_TO_32_BIT_CONVERSION = YES;
				GCC_WARN_ABOUT_RETURN_TYPE = YES_ERROR;
				GCC_WARN_UNDECLARED_SELECTOR = YES;
				GCC_WARN_UNINITIALIZED_AUTOS = YES_AGGRESSIVE;
				GCC_WARN_UNUSED_FUNCTION = YES;
				GCC_WARN_UNUSED_VARIABLE = YES;
				IPHONEOS_DEPLOYMENT_TARGET = 17.5;
				LOCALIZATION_PREFERS_STRING_CATALOGS = YES;
				MTL_ENABLE_DEBUG_INFO = NO;
				MTL_FAST_MATH = YES;
				SDKROOT = iphoneos;
				SWIFT_COMPILATION_MODE = wholemodule;
				VALIDATE_PRODUCT = YES;
			};
			name = Release;
		};
		3A66C1912CFB3D0B000EE141 /* Debug */ = {
			isa = XCBuildConfiguration;
			buildSettings = {
				ASSETCATALOG_COMPILER_APPICON_NAME = AppIcon;
				ASSETCATALOG_COMPILER_GLOBAL_ACCENT_COLOR_NAME = AccentColor;
				CODE_SIGN_STYLE = Automatic;
				CURRENT_PROJECT_VERSION = 1;
				DEVELOPMENT_ASSET_PATHS = "\"Picky/Preview Content\"";
				ENABLE_PREVIEWS = YES;
				GENERATE_INFOPLIST_FILE = YES;
				INFOPLIST_KEY_UIApplicationSceneManifest_Generation = YES;
				INFOPLIST_KEY_UIApplicationSupportsIndirectInputEvents = YES;
				INFOPLIST_KEY_UILaunchScreen_Generation = YES;
				INFOPLIST_KEY_UISupportedInterfaceOrientations_iPad = "UIInterfaceOrientationPortrait UIInterfaceOrientationPortraitUpsideDown UIInterfaceOrientationLandscapeLeft UIInterfaceOrientationLandscapeRight";
				INFOPLIST_KEY_UISupportedInterfaceOrientations_iPhone = "UIInterfaceOrientationPortrait UIInterfaceOrientationLandscapeLeft UIInterfaceOrientationLandscapeRight";
				LD_RUNPATH_SEARCH_PATHS = (
					"$(inherited)",
					"@executable_path/Frameworks",
				);
				MARKETING_VERSION = 1.0;
				PRODUCT_BUNDLE_IDENTIFIER = paplio.Picky;
				PRODUCT_NAME = "$(TARGET_NAME)";
				SWIFT_EMIT_LOC_STRINGS = YES;
				SWIFT_VERSION = 5.0;
				TARGETED_DEVICE_FAMILY = "1,2";
			};
			name = Debug;
		};
		3A66C1922CFB3D0B000EE141 /* Release */ = {
			isa = XCBuildConfiguration;
			buildSettings = {
				ASSETCATALOG_COMPILER_APPICON_NAME = AppIcon;
				ASSETCATALOG_COMPILER_GLOBAL_ACCENT_COLOR_NAME = AccentColor;
				CODE_SIGN_STYLE = Automatic;
				CURRENT_PROJECT_VERSION = 1;
				DEVELOPMENT_ASSET_PATHS = "\"Picky/Preview Content\"";
				ENABLE_PREVIEWS = YES;
				GENERATE_INFOPLIST_FILE = YES;
				INFOPLIST_KEY_UIApplicationSceneManifest_Generation = YES;
				INFOPLIST_KEY_UIApplicationSupportsIndirectInputEvents = YES;
				INFOPLIST_KEY_UILaunchScreen_Generation = YES;
				INFOPLIST_KEY_UISupportedInterfaceOrientations_iPad = "UIInterfaceOrientationPortrait UIInterfaceOrientationPortraitUpsideDown UIInterfaceOrientationLandscapeLeft UIInterfaceOrientationLandscapeRight";
				INFOPLIST_KEY_UISupportedInterfaceOrientations_iPhone = "UIInterfaceOrientationPortrait UIInterfaceOrientationLandscapeLeft UIInterfaceOrientationLandscapeRight";
				LD_RUNPATH_SEARCH_PATHS = (
					"$(inherited)",
					"@executable_path/Frameworks",
				);
				MARKETING_VERSION = 1.0;
				PRODUCT_BUNDLE_IDENTIFIER = paplio.Picky;
				PRODUCT_NAME = "$(TARGET_NAME)";
				SWIFT_EMIT_LOC_STRINGS = YES;
				SWIFT_VERSION = 5.0;
				TARGETED_DEVICE_FAMILY = "1,2";
			};
			name = Release;
		};
		3A66C1942CFB3D0B000EE141 /* Debug */ = {
			isa = XCBuildConfiguration;
			buildSettings = {
				ALWAYS_EMBED_SWIFT_STANDARD_LIBRARIES = YES;
				BUNDLE_LOADER = "$(TEST_HOST)";
				CODE_SIGN_STYLE = Automatic;
				CURRENT_PROJECT_VERSION = 1;
				GENERATE_INFOPLIST_FILE = YES;
				IPHONEOS_DEPLOYMENT_TARGET = 17.5;
				MARKETING_VERSION = 1.0;
				PRODUCT_BUNDLE_IDENTIFIER = paplio.PickyTests;
				PRODUCT_NAME = "$(TARGET_NAME)";
				SWIFT_EMIT_LOC_STRINGS = NO;
				SWIFT_VERSION = 5.0;
				TARGETED_DEVICE_FAMILY = "1,2";
				TEST_HOST = "$(BUILT_PRODUCTS_DIR)/Picky.app/$(BUNDLE_EXECUTABLE_FOLDER_PATH)/Picky";
			};
			name = Debug;
		};
		3A66C1952CFB3D0B000EE141 /* Release */ = {
			isa = XCBuildConfiguration;
			buildSettings = {
				ALWAYS_EMBED_SWIFT_STANDARD_LIBRARIES = YES;
				BUNDLE_LOADER = "$(TEST_HOST)";
				CODE_SIGN_STYLE = Automatic;
				CURRENT_PROJECT_VERSION = 1;
				GENERATE_INFOPLIST_FILE = YES;
				IPHONEOS_DEPLOYMENT_TARGET = 17.5;
				MARKETING_VERSION = 1.0;
				PRODUCT_BUNDLE_IDENTIFIER = paplio.PickyTests;
				PRODUCT_NAME = "$(TARGET_NAME)";
				SWIFT_EMIT_LOC_STRINGS = NO;
				SWIFT_VERSION = 5.0;
				TARGETED_DEVICE_FAMILY = "1,2";
				TEST_HOST = "$(BUILT_PRODUCTS_DIR)/Picky.app/$(BUNDLE_EXECUTABLE_FOLDER_PATH)/Picky";
			};
			name = Release;
		};
		3A66C1972CFB3D0B000EE141 /* Debug */ = {
			isa = XCBuildConfiguration;
			buildSettings = {
				ALWAYS_EMBED_SWIFT_STANDARD_LIBRARIES = YES;
				CODE_SIGN_STYLE = Automatic;
				CURRENT_PROJECT_VERSION = 1;
				GENERATE_INFOPLIST_FILE = YES;
				MARKETING_VERSION = 1.0;
				PRODUCT_BUNDLE_IDENTIFIER = paplio.PickyUITests;
				PRODUCT_NAME = "$(TARGET_NAME)";
				SWIFT_EMIT_LOC_STRINGS = NO;
				SWIFT_VERSION = 5.0;
				TARGETED_DEVICE_FAMILY = "1,2";
				TEST_TARGET_NAME = Picky;
			};
			name = Debug;
		};
		3A66C1982CFB3D0B000EE141 /* Release */ = {
			isa = XCBuildConfiguration;
			buildSettings = {
				ALWAYS_EMBED_SWIFT_STANDARD_LIBRARIES = YES;
				CODE_SIGN_STYLE = Automatic;
				CURRENT_PROJECT_VERSION = 1;
				GENERATE_INFOPLIST_FILE = YES;
				MARKETING_VERSION = 1.0;
				PRODUCT_BUNDLE_IDENTIFIER = paplio.PickyUITests;
				PRODUCT_NAME = "$(TARGET_NAME)";
				SWIFT_EMIT_LOC_STRINGS = NO;
				SWIFT_VERSION = 5.0;
				TARGETED_DEVICE_FAMILY = "1,2";
				TEST_TARGET_NAME = Picky;
			};
			name = Release;
		};
/* End XCBuildConfiguration section */

/* Begin XCConfigurationList section */
		3A66C1672CFB3D09000EE141 /* Build configuration list for PBXProject "Picky" */ = {
			isa = XCConfigurationList;
			buildConfigurations = (
				3A66C18E2CFB3D0B000EE141 /* Debug */,
				3A66C18F2CFB3D0B000EE141 /* Release */,
			);
			defaultConfigurationIsVisible = 0;
			defaultConfigurationName = Release;
		};
		3A66C1902CFB3D0B000EE141 /* Build configuration list for PBXNativeTarget "Picky" */ = {
			isa = XCConfigurationList;
			buildConfigurations = (
				3A66C1912CFB3D0B000EE141 /* Debug */,
				3A66C1922CFB3D0B000EE141 /* Release */,
			);
			defaultConfigurationIsVisible = 0;
			defaultConfigurationName = Release;
		};
		3A66C1932CFB3D0B000EE141 /* Build configuration list for PBXNativeTarget "PickyTests" */ = {
			isa = XCConfigurationList;
			buildConfigurations = (
				3A66C1942CFB3D0B000EE141 /* Debug */,
				3A66C1952CFB3D0B000EE141 /* Release */,
			);
			defaultConfigurationIsVisible = 0;
			defaultConfigurationName = Release;
		};
		3A66C1962CFB3D0B000EE141 /* Build configuration list for PBXNativeTarget "PickyUITests" */ = {
			isa = XCConfigurationList;
			buildConfigurations = (
				3A66C1972CFB3D0B000EE141 /* Debug */,
				3A66C1982CFB3D0B000EE141 /* Release */,
			);
			defaultConfigurationIsVisible = 0;
			defaultConfigurationName = Release;
		};
/* End XCConfigurationList section */
	};
	rootObject = 3A66C1642CFB3D09000EE141 /* Project object */;
}
